Microsoft Visual Studio Solution File, Format Version 12.00
# Visual Studio Version 17
VisualStudioVersion = 17.5.2.0
MinimumVisualStudioVersion = 10.0.40219.1
Project("{FAE04EC0-301F-11D3-BF4B-00C04F79EFBC}") = "EcoTrails.Api", "EcoTrails.Api\EcoTrails.Api.csproj", "{90207655-BD75-5D80-84C5-1BDB3164608D}"
EndProject
Global
	GlobalSection(SolutionConfigurationPlatforms) = preSolution
		Debug|Any CPU = Debug|Any CPU
		Release|Any CPU = Release|Any CPU
	EndGlobalSection
	GlobalSection(ProjectConfigurationPlatforms) = postSolution
		{90207655-BD75-5D80-84C5-1BDB3164608D}.Debug|Any CPU.ActiveCfg = Debug|Any CPU
		{90207655-BD75-5D80-84C5-1BDB3164608D}.Debug|Any CPU.Build.0 = Debug|Any CPU
		{90207655-BD75-5D80-84C5-1BDB3164608D}.Release|Any CPU.ActiveCfg = Release|Any CPU
		{90207655-BD75-5D80-84C5-1BDB3164608D}.Release|Any CPU.Build.0 = Release|Any CPU
	EndGlobalSection
	GlobalSection(SolutionProperties) = preSolution
		HideSolutionNode = FALSE
	EndGlobalSection
	GlobalSection(ExtensibilityGlobals) = postSolution
		SolutionGuid = {947FCB61-70FB-4062-AEC9-5084AADBE604}
	EndGlobalSection
EndGlobal
